
Microsoft Visual Studio Solution File, Format Version 12.00
# Visual Studio 15
VisualStudioVersion = 15.0.27130.2027
MinimumVisualStudioVersion = 10.0.40219.1
Project("{2150E333-8FDC-42A3-9474-1A3956D46DE8}") = "0.Diagrams", "0.Diagrams", "{8A883F46-3E98-47EC-B958-31509E038965}"
EndProject
Project("{2150E333-8FDC-42A3-9474-1A3956D46DE8}") = "1.GUI", "1.GUI", "{869F0423-DC90-49E3-8D8E-837CB4B55811}"
EndProject
Project("{2150E333-8FDC-42A3-9474-1A3956D46DE8}") = "2.Application", "2.Application", "{7CB5DD90-8555-4D94-BA8E-16754EDEBFB5}"
EndProject
Project("{2150E333-8FDC-42A3-9474-1A3956D46DE8}") = "3.Domain", "3.Domain", "{A06267CC-CAD3-4739-8BFE-DF45F14422E7}"
EndProject
Project("{2150E333-8FDC-42A3-9474-1A3956D46DE8}") = "4.Infraestructure", "4.Infraestructure", "{B23AC31A-5F63-4819-A622-932271ADED8E}"
EndProject
Project("{2150E333-8FDC-42A3-9474-1A3956D46DE8}") = "5.Cross", "5.Cross", "{FF6FD24D-12CE-4B60-AF50-18906D64ABFC}"
EndProject
Project("{2150E333-8FDC-42A3-9474-1A3956D46DE8}") = "Data", "Data", "{24426B01-8470-455B-8D97-3CEF2938D14D}"
EndProject
Project("{2150E333-8FDC-42A3-9474-1A3956D46DE8}") = "Services", "Services", "{BEF35F27-5AF6-44C8-9CDA-74092FD4FB91}"
EndProject
Project("{FAE04EC0-301F-11D3-BF4B-00C04F79EFBC}") = "TestWCFDBPoliedro.Infraestructure.Services", "TestWCFDBPoliedro.Infraestructure.Services\TestWCFDBPoliedro.Infraestructure.Services.csproj", "{EBCB3C57-5D38-4CE3-8D4A-458A2EB1A408}"
EndProject
Project("{FAE04EC0-301F-11D3-BF4B-00C04F79EFBC}") = "TestWCFDBPoliedro.GUI.MvcFront", "TestWCFDBPoliedro.GUI.MvcFront\TestWCFDBPoliedro.GUI.MvcFront.csproj", "{62122B52-BAD5-4B14-A3FE-F418F532C20C}"
EndProject
Project("{FAE04EC0-301F-11D3-BF4B-00C04F79EFBC}") = "TestWCFDBPoliedro.Infraestructura.ActivaDB", "TestWCFDBPoliedro.Infraestructura.ActivaDB\TestWCFDBPoliedro.Infraestructura.ActivaDB.csproj", "{E53E2A39-2802-4951-8937-0FF2A7B78727}"
EndProject
Project("{FAE04EC0-301F-11D3-BF4B-00C04F79EFBC}") = "TestWCFDBPoliedro.Domain.Contracts", "TestWCFDBPoliedro.Domain.Contracts\TestWCFDBPoliedro.Domain.Contracts.csproj", "{CBA92335-F514-447A-9D7E-6D4840C2DFB7}"
EndProject
Project("{2150E333-8FDC-42A3-9474-1A3956D46DE8}") = "Activa", "Activa", "{C90A2026-2F60-4EBE-B4A1-AB61D910C922}"
EndProject
Project("{FAE04EC0-301F-11D3-BF4B-00C04F79EFBC}") = "TestWCFDBPoliedro.Domain.Entities", "TestWCFDBPoliedro.Domain.Entities\TestWCFDBPoliedro.Domain.Entities.csproj", "{DBA13829-3129-4EED-9DA8-6332A028AF70}"
EndProject
Project("{FAE04EC0-301F-11D3-BF4B-00C04F79EFBC}") = "TestWCFDBPoliedro.Domain.Enterprise", "TestWCFDBPoliedro.Domain.Enterprise\TestWCFDBPoliedro.Domain.Enterprise.csproj", "{E32F4A04-7A74-4080-A2B4-7B62D76D4759}"
EndProject
Project("{2150E333-8FDC-42A3-9474-1A3956D46DE8}") = "BsCs", "BsCs", "{3915297A-C967-40D8-A65A-49AC0E75EDDC}"
EndProject
Project("{2150E333-8FDC-42A3-9474-1A3956D46DE8}") = "Poliexp", "Poliexp", "{113C7448-0EEE-45F3-96F9-A9FBB3ED9DEA}"
EndProject
Project("{FAE04EC0-301F-11D3-BF4B-00C04F79EFBC}") = "TestWCFDBPoliedro.Cross.Common", "TestWCFDBPoliedro.Cross.Common\TestWCFDBPoliedro.Cross.Common.csproj", "{F8BD493F-D190-4F72-8643-F1C53492F0F1}"
EndProject
Project("{2150E333-8FDC-42A3-9474-1A3956D46DE8}") = "Activa", "Activa", "{F20FAA27-2098-43B0-A060-6826148F583B}"
EndProject
Project("{FAE04EC0-301F-11D3-BF4B-00C04F79EFBC}") = "TestWCFDBPoliedro.Application.Dto", "TestWCFDBPoliedro.Application.Dto\TestWCFDBPoliedro.Application.Dto.csproj", "{11DA0DA9-E69E-4C16-A28E-365534841D96}"
EndProject
Project("{FAE04EC0-301F-11D3-BF4B-00C04F79EFBC}") = "TestWCFDBPoliedro.Application.Handler", "TestWCFDBPoliedro.Application.Handler\TestWCFDBPoliedro.Application.Handler.csproj", "{08E19AB2-DE26-43DB-9957-6276406B87A6}"
EndProject
Project("{FAE04EC0-301F-11D3-BF4B-00C04F79EFBC}") = "TestWCFDBPoliedro.Application.ServicesRest", "TestWCFDBPoliedro.Application.ServicesRest\TestWCFDBPoliedro.Application.ServicesRest.csproj", "{22B9371E-ED5F-41E0-8CA8-9A3827C27EC1}"
EndProject
Global
	GlobalSection(SolutionConfigurationPlatforms) = preSolution
		Debug|Any CPU = Debug|Any CPU
		Release|Any CPU = Release|Any CPU
	EndGlobalSection
	GlobalSection(ProjectConfigurationPlatforms) = postSolution
		{EBCB3C57-5D38-4CE3-8D4A-458A2EB1A408}.Debug|Any CPU.ActiveCfg = Debug|Any CPU
		{EBCB3C57-5D38-4CE3-8D4A-458A2EB1A408}.Debug|Any CPU.Build.0 = Debug|Any CPU
		{EBCB3C57-5D38-4CE3-8D4A-458A2EB1A408}.Release|Any CPU.ActiveCfg = Release|Any CPU
		{EBCB3C57-5D38-4CE3-8D4A-458A2EB1A408}.Release|Any CPU.Build.0 = Release|Any CPU
		{62122B52-BAD5-4B14-A3FE-F418F532C20C}.Debug|Any CPU.ActiveCfg = Debug|Any CPU
		{62122B52-BAD5-4B14-A3FE-F418F532C20C}.Debug|Any CPU.Build.0 = Debug|Any CPU
		{62122B52-BAD5-4B14-A3FE-F418F532C20C}.Release|Any CPU.ActiveCfg = Release|Any CPU
		{62122B52-BAD5-4B14-A3FE-F418F532C20C}.Release|Any CPU.Build.0 = Release|Any CPU
		{E53E2A39-2802-4951-8937-0FF2A7B78727}.Debug|Any CPU.ActiveCfg = Debug|Any CPU
		{E53E2A39-2802-4951-8937-0FF2A7B78727}.Debug|Any CPU.Build.0 = Debug|Any CPU
		{E53E2A39-2802-4951-8937-0FF2A7B78727}.Release|Any CPU.ActiveCfg = Release|Any CPU
		{E53E2A39-2802-4951-8937-0FF2A7B78727}.Release|Any CPU.Build.0 = Release|Any CPU
		{CBA92335-F514-447A-9D7E-6D4840C2DFB7}.Debug|Any CPU.ActiveCfg = Debug|Any CPU
		{CBA92335-F514-447A-9D7E-6D4840C2DFB7}.Debug|Any CPU.Build.0 = Debug|Any CPU
		{CBA92335-F514-447A-9D7E-6D4840C2DFB7}.Release|Any CPU.ActiveCfg = Release|Any CPU
		{CBA92335-F514-447A-9D7E-6D4840C2DFB7}.Release|Any CPU.Build.0 = Release|Any CPU
		{DBA13829-3129-4EED-9DA8-6332A028AF70}.Debug|Any CPU.ActiveCfg = Debug|Any CPU
		{DBA13829-3129-4EED-9DA8-6332A028AF70}.Debug|Any CPU.Build.0 = Debug|Any CPU
		{DBA13829-3129-4EED-9DA8-6332A028AF70}.Release|Any CPU.ActiveCfg = Release|Any CPU
		{DBA13829-3129-4EED-9DA8-6332A028AF70}.Release|Any CPU.Build.0 = Release|Any CPU
		{E32F4A04-7A74-4080-A2B4-7B62D76D4759}.Debug|Any CPU.ActiveCfg = Debug|Any CPU
		{E32F4A04-7A74-4080-A2B4-7B62D76D4759}.Debug|Any CPU.Build.0 = Debug|Any CPU
		{E32F4A04-7A74-4080-A2B4-7B62D76D4759}.Release|Any CPU.ActiveCfg = Release|Any CPU
		{E32F4A04-7A74-4080-A2B4-7B62D76D4759}.Release|Any CPU.Build.0 = Release|Any CPU
		{F8BD493F-D190-4F72-8643-F1C53492F0F1}.Debug|Any CPU.ActiveCfg = Debug|Any CPU
		{F8BD493F-D190-4F72-8643-F1C53492F0F1}.Debug|Any CPU.Build.0 = Debug|Any CPU
		{F8BD493F-D190-4F72-8643-F1C53492F0F1}.Release|Any CPU.ActiveCfg = Release|Any CPU
		{F8BD493F-D190-4F72-8643-F1C53492F0F1}.Release|Any CPU.Build.0 = Release|Any CPU
		{11DA0DA9-E69E-4C16-A28E-365534841D96}.Debug|Any CPU.ActiveCfg = Debug|Any CPU
		{11DA0DA9-E69E-4C16-A28E-365534841D96}.Debug|Any CPU.Build.0 = Debug|Any CPU
		{11DA0DA9-E69E-4C16-A28E-365534841D96}.Release|Any CPU.ActiveCfg = Release|Any CPU
		{11DA0DA9-E69E-4C16-A28E-365534841D96}.Release|Any CPU.Build.0 = Release|Any CPU
		{08E19AB2-DE26-43DB-9957-6276406B87A6}.Debug|Any CPU.ActiveCfg = Debug|Any CPU
		{08E19AB2-DE26-43DB-9957-6276406B87A6}.Debug|Any CPU.Build.0 = Debug|Any CPU
		{08E19AB2-DE26-43DB-9957-6276406B87A6}.Release|Any CPU.ActiveCfg = Release|Any CPU
		{08E19AB2-DE26-43DB-9957-6276406B87A6}.Release|Any CPU.Build.0 = Release|Any CPU
		{22B9371E-ED5F-41E0-8CA8-9A3827C27EC1}.Debug|Any CPU.ActiveCfg = Debug|Any CPU
		{22B9371E-ED5F-41E0-8CA8-9A3827C27EC1}.Debug|Any CPU.Build.0 = Debug|Any CPU
		{22B9371E-ED5F-41E0-8CA8-9A3827C27EC1}.Release|Any CPU.ActiveCfg = Release|Any CPU
		{22B9371E-ED5F-41E0-8CA8-9A3827C27EC1}.Release|Any CPU.Build.0 = Release|Any CPU
	EndGlobalSection
	GlobalSection(SolutionProperties) = preSolution
		HideSolutionNode = FALSE
	EndGlobalSection
	GlobalSection(NestedProjects) = preSolution
		{24426B01-8470-455B-8D97-3CEF2938D14D} = {B23AC31A-5F63-4819-A622-932271ADED8E}
		{BEF35F27-5AF6-44C8-9CDA-74092FD4FB91} = {FF6FD24D-12CE-4B60-AF50-18906D64ABFC}
		{EBCB3C57-5D38-4CE3-8D4A-458A2EB1A408} = {BEF35F27-5AF6-44C8-9CDA-74092FD4FB91}
		{62122B52-BAD5-4B14-A3FE-F418F532C20C} = {869F0423-DC90-49E3-8D8E-837CB4B55811}
		{E53E2A39-2802-4951-8937-0FF2A7B78727} = {B23AC31A-5F63-4819-A622-932271ADED8E}
		{CBA92335-F514-447A-9D7E-6D4840C2DFB7} = {C90A2026-2F60-4EBE-B4A1-AB61D910C922}
		{C90A2026-2F60-4EBE-B4A1-AB61D910C922} = {A06267CC-CAD3-4739-8BFE-DF45F14422E7}
		{DBA13829-3129-4EED-9DA8-6332A028AF70} = {C90A2026-2F60-4EBE-B4A1-AB61D910C922}
		{E32F4A04-7A74-4080-A2B4-7B62D76D4759} = {C90A2026-2F60-4EBE-B4A1-AB61D910C922}
		{3915297A-C967-40D8-A65A-49AC0E75EDDC} = {A06267CC-CAD3-4739-8BFE-DF45F14422E7}
		{113C7448-0EEE-45F3-96F9-A9FBB3ED9DEA} = {A06267CC-CAD3-4739-8BFE-DF45F14422E7}
		{F8BD493F-D190-4F72-8643-F1C53492F0F1} = {FF6FD24D-12CE-4B60-AF50-18906D64ABFC}
		{F20FAA27-2098-43B0-A060-6826148F583B} = {7CB5DD90-8555-4D94-BA8E-16754EDEBFB5}
		{11DA0DA9-E69E-4C16-A28E-365534841D96} = {F20FAA27-2098-43B0-A060-6826148F583B}
		{08E19AB2-DE26-43DB-9957-6276406B87A6} = {F20FAA27-2098-43B0-A060-6826148F583B}
		{22B9371E-ED5F-41E0-8CA8-9A3827C27EC1} = {7CB5DD90-8555-4D94-BA8E-16754EDEBFB5}
	EndGlobalSection
	GlobalSection(ExtensibilityGlobals) = postSolution
		SolutionGuid = {114FCEBD-65DB-4588-8634-1D5414415AF1}
	EndGlobalSection
EndGlobal
